
Microsoft Visual Studio Solution File, Format Version 12.00
# Visual Studio Version 17
VisualStudioVersion = 17.3.32825.248
MinimumVisualStudioVersion = 10.0.40219.1
Project("{2150E333-8FDC-42A3-9474-1A3956D46DE8}") = "Core", "Core", "{8F0852DD-0B68-41F7-9DCD-D532E327C4CB}"
EndProject
Project("{2150E333-8FDC-42A3-9474-1A3956D46DE8}") = "Infrastructure", "Infrastructure", "{B1223AB9-4DE0-47BA-8B8A-9484B3C18205}"
EndProject
Project("{2150E333-8FDC-42A3-9474-1A3956D46DE8}") = "EndPoint", "EndPoint", "{B8CD22CB-FEE6-4590-888B-BA12E1A9C192}"
EndProject
Project("{9A19103F-16F7-4668-BE54-9A1E7A4F7556}") = "Amb.Domain", "src\Amb.Domain\Amb.Domain.csproj", "{0B4FB93D-5E72-40CF-A6CA-E81599D2AD0C}"
EndProject
Project("{9A19103F-16F7-4668-BE54-9A1E7A4F7556}") = "Amb.Application", "src\Amb.Application\Amb.Application.csproj", "{6C1DFCF4-4E36-49AE-BB82-0604D379E567}"
EndProject
Project("{9A19103F-16F7-4668-BE54-9A1E7A4F7556}") = "Web.Endpoint", "src\Web.Endpoint\Web.Endpoint.csproj", "{BA300958-ADE5-4FD9-8908-AF69E8FC35C3}"
EndProject
Project("{9A19103F-16F7-4668-BE54-9A1E7A4F7556}") = "Admin.Endpoint", "src\Admin.Endpoint\Admin.Endpoint.csproj", "{B0D21541-209F-461D-A3DC-E162EDF8C55D}"
EndProject
Project("{9A19103F-16F7-4668-BE54-9A1E7A4F7556}") = "Amb.Infrastructure", "src\Amb.Infrastructure\Amb.Infrastructure.csproj", "{2F28EB06-C98C-4E1A-ADD4-C14E0B96E354}"
EndProject
Project("{2150E333-8FDC-42A3-9474-1A3956D46DE8}") = "src", "src", "{366CE833-DBD0-4F54-A0A1-F440D9A3F6AF}"
EndProject
Project("{2150E333-8FDC-42A3-9474-1A3956D46DE8}") = "test", "test", "{323FFC36-313B-4A0A-8E47-0FE693C5901A}"
EndProject
Project("{2150E333-8FDC-42A3-9474-1A3956D46DE8}") = "docs", "docs", "{61DF3133-4B5E-4DCE-AB2B-9093700D5CA0}"
EndProject
Project("{9A19103F-16F7-4668-BE54-9A1E7A4F7556}") = "Amb.UnitTest", "test\Amb.UnitTest\Amb.UnitTest.csproj", "{BB21921A-0F15-43B3-B1CE-8C91806575D2}"
EndProject
Project("{2150E333-8FDC-42A3-9474-1A3956D46DE8}") = "Shared", "Shared", "{F4D8020A-75C4-47D3-B4D1-3BE9206B00A5}"
EndProject
Project("{9A19103F-16F7-4668-BE54-9A1E7A4F7556}") = "Shared.Resources", "src\Shared.Resources\Shared.Resources.csproj", "{B8055980-102C-4F09-9FBB-8C0632C5A876}"
EndProject
Project("{9A19103F-16F7-4668-BE54-9A1E7A4F7556}") = "Shared.AspCore", "src\Shared.AspCore\Shared.AspCore.csproj", "{B96D999B-E4F2-4310-B26A-4F91068574CA}"
EndProject
Project("{9A19103F-16F7-4668-BE54-9A1E7A4F7556}") = "Shared", "src\Shared\Shared.csproj", "{E5055C71-332C-4616-985F-CECA2BF79593}"
EndProject
Project("{9A19103F-16F7-4668-BE54-9A1E7A4F7556}") = "01_Framework.Domain", "src\01_Framework.Domain\01_Framework.Domain.csproj", "{97898E7D-0D9E-4008-A4F6-96A6878C8391}"
EndProject
Project("{9A19103F-16F7-4668-BE54-9A1E7A4F7556}") = "Amb.Persistence", "src\Amb.Persistence\Amb.Persistence.csproj", "{71751AC3-2349-40AB-A36D-7303BCD96483}"
EndProject
Global
	GlobalSection(SolutionConfigurationPlatforms) = preSolution
		Debug|Any CPU = Debug|Any CPU
		Release|Any CPU = Release|Any CPU
	EndGlobalSection
	GlobalSection(ProjectConfigurationPlatforms) = postSolution
		{0B4FB93D-5E72-40CF-A6CA-E81599D2AD0C}.Debug|Any CPU.ActiveCfg = Debug|Any CPU
		{0B4FB93D-5E72-40CF-A6CA-E81599D2AD0C}.Debug|Any CPU.Build.0 = Debug|Any CPU
		{0B4FB93D-5E72-40CF-A6CA-E81599D2AD0C}.Release|Any CPU.ActiveCfg = Release|Any CPU
		{0B4FB93D-5E72-40CF-A6CA-E81599D2AD0C}.Release|Any CPU.Build.0 = Release|Any CPU
		{6C1DFCF4-4E36-49AE-BB82-0604D379E567}.Debug|Any CPU.ActiveCfg = Debug|Any CPU
		{6C1DFCF4-4E36-49AE-BB82-0604D379E567}.Debug|Any CPU.Build.0 = Debug|Any CPU
		{6C1DFCF4-4E36-49AE-BB82-0604D379E567}.Release|Any CPU.ActiveCfg = Release|Any CPU
		{6C1DFCF4-4E36-49AE-BB82-0604D379E567}.Release|Any CPU.Build.0 = Release|Any CPU
		{BA300958-ADE5-4FD9-8908-AF69E8FC35C3}.Debug|Any CPU.ActiveCfg = Debug|Any CPU
		{BA300958-ADE5-4FD9-8908-AF69E8FC35C3}.Debug|Any CPU.Build.0 = Debug|Any CPU
		{BA300958-ADE5-4FD9-8908-AF69E8FC35C3}.Release|Any CPU.ActiveCfg = Release|Any CPU
		{BA300958-ADE5-4FD9-8908-AF69E8FC35C3}.Release|Any CPU.Build.0 = Release|Any CPU
		{B0D21541-209F-461D-A3DC-E162EDF8C55D}.Debug|Any CPU.ActiveCfg = Debug|Any CPU
		{B0D21541-209F-461D-A3DC-E162EDF8C55D}.Debug|Any CPU.Build.0 = Debug|Any CPU
		{B0D21541-209F-461D-A3DC-E162EDF8C55D}.Release|Any CPU.ActiveCfg = Release|Any CPU
		{B0D21541-209F-461D-A3DC-E162EDF8C55D}.Release|Any CPU.Build.0 = Release|Any CPU
		{2F28EB06-C98C-4E1A-ADD4-C14E0B96E354}.Debug|Any CPU.ActiveCfg = Debug|Any CPU
		{2F28EB06-C98C-4E1A-ADD4-C14E0B96E354}.Debug|Any CPU.Build.0 = Debug|Any CPU
		{2F28EB06-C98C-4E1A-ADD4-C14E0B96E354}.Release|Any CPU.ActiveCfg = Release|Any CPU
		{2F28EB06-C98C-4E1A-ADD4-C14E0B96E354}.Release|Any CPU.Build.0 = Release|Any CPU
		{BB21921A-0F15-43B3-B1CE-8C91806575D2}.Debug|Any CPU.ActiveCfg = Debug|Any CPU
		{BB21921A-0F15-43B3-B1CE-8C91806575D2}.Debug|Any CPU.Build.0 = Debug|Any CPU
		{BB21921A-0F15-43B3-B1CE-8C91806575D2}.Release|Any CPU.ActiveCfg = Release|Any CPU
		{BB21921A-0F15-43B3-B1CE-8C91806575D2}.Release|Any CPU.Build.0 = Release|Any CPU
		{B8055980-102C-4F09-9FBB-8C0632C5A876}.Debug|Any CPU.ActiveCfg = Debug|Any CPU
		{B8055980-102C-4F09-9FBB-8C0632C5A876}.Debug|Any CPU.Build.0 = Debug|Any CPU
		{B8055980-102C-4F09-9FBB-8C0632C5A876}.Release|Any CPU.ActiveCfg = Release|Any CPU
		{B8055980-102C-4F09-9FBB-8C0632C5A876}.Release|Any CPU.Build.0 = Release|Any CPU
		{B96D999B-E4F2-4310-B26A-4F91068574CA}.Debug|Any CPU.ActiveCfg = Debug|Any CPU
		{B96D999B-E4F2-4310-B26A-4F91068574CA}.Debug|Any CPU.Build.0 = Debug|Any CPU
		{B96D999B-E4F2-4310-B26A-4F91068574CA}.Release|Any CPU.ActiveCfg = Release|Any CPU
		{B96D999B-E4F2-4310-B26A-4F91068574CA}.Release|Any CPU.Build.0 = Release|Any CPU
		{E5055C71-332C-4616-985F-CECA2BF79593}.Debug|Any CPU.ActiveCfg = Debug|Any CPU
		{E5055C71-332C-4616-985F-CECA2BF79593}.Debug|Any CPU.Build.0 = Debug|Any CPU
		{E5055C71-332C-4616-985F-CECA2BF79593}.Release|Any CPU.ActiveCfg = Release|Any CPU
		{E5055C71-332C-4616-985F-CECA2BF79593}.Release|Any CPU.Build.0 = Release|Any CPU
		{97898E7D-0D9E-4008-A4F6-96A6878C8391}.Debug|Any CPU.ActiveCfg = Debug|Any CPU
		{97898E7D-0D9E-4008-A4F6-96A6878C8391}.Debug|Any CPU.Build.0 = Debug|Any CPU
		{97898E7D-0D9E-4008-A4F6-96A6878C8391}.Release|Any CPU.ActiveCfg = Release|Any CPU
		{97898E7D-0D9E-4008-A4F6-96A6878C8391}.Release|Any CPU.Build.0 = Release|Any CPU
		{71751AC3-2349-40AB-A36D-7303BCD96483}.Debug|Any CPU.ActiveCfg = Debug|Any CPU
		{71751AC3-2349-40AB-A36D-7303BCD96483}.Debug|Any CPU.Build.0 = Debug|Any CPU
		{71751AC3-2349-40AB-A36D-7303BCD96483}.Release|Any CPU.ActiveCfg = Release|Any CPU
		{71751AC3-2349-40AB-A36D-7303BCD96483}.Release|Any CPU.Build.0 = Release|Any CPU
	EndGlobalSection
	GlobalSection(SolutionProperties) = preSolution
		HideSolutionNode = FALSE
	EndGlobalSection
	GlobalSection(NestedProjects) = preSolution
		{8F0852DD-0B68-41F7-9DCD-D532E327C4CB} = {366CE833-DBD0-4F54-A0A1-F440D9A3F6AF}
		{B1223AB9-4DE0-47BA-8B8A-9484B3C18205} = {366CE833-DBD0-4F54-A0A1-F440D9A3F6AF}
		{B8CD22CB-FEE6-4590-888B-BA12E1A9C192} = {366CE833-DBD0-4F54-A0A1-F440D9A3F6AF}
		{0B4FB93D-5E72-40CF-A6CA-E81599D2AD0C} = {8F0852DD-0B68-41F7-9DCD-D532E327C4CB}
		{6C1DFCF4-4E36-49AE-BB82-0604D379E567} = {8F0852DD-0B68-41F7-9DCD-D532E327C4CB}
		{BA300958-ADE5-4FD9-8908-AF69E8FC35C3} = {B8CD22CB-FEE6-4590-888B-BA12E1A9C192}
		{B0D21541-209F-461D-A3DC-E162EDF8C55D} = {B8CD22CB-FEE6-4590-888B-BA12E1A9C192}
		{2F28EB06-C98C-4E1A-ADD4-C14E0B96E354} = {B1223AB9-4DE0-47BA-8B8A-9484B3C18205}
		{BB21921A-0F15-43B3-B1CE-8C91806575D2} = {323FFC36-313B-4A0A-8E47-0FE693C5901A}
		{F4D8020A-75C4-47D3-B4D1-3BE9206B00A5} = {366CE833-DBD0-4F54-A0A1-F440D9A3F6AF}
		{B8055980-102C-4F09-9FBB-8C0632C5A876} = {F4D8020A-75C4-47D3-B4D1-3BE9206B00A5}
		{B96D999B-E4F2-4310-B26A-4F91068574CA} = {F4D8020A-75C4-47D3-B4D1-3BE9206B00A5}
		{E5055C71-332C-4616-985F-CECA2BF79593} = {F4D8020A-75C4-47D3-B4D1-3BE9206B00A5}
		{97898E7D-0D9E-4008-A4F6-96A6878C8391} = {8F0852DD-0B68-41F7-9DCD-D532E327C4CB}
		{71751AC3-2349-40AB-A36D-7303BCD96483} = {B1223AB9-4DE0-47BA-8B8A-9484B3C18205}
	EndGlobalSection
	GlobalSection(ExtensibilityGlobals) = postSolution
		SolutionGuid = {06BF231A-286A-4D4F-8C1B-F9F546BBB3A4}
	EndGlobalSection
EndGlobal
